
Microsoft Visual Studio Solution File, Format Version 12.00
# Visual Studio Version 17
VisualStudioVersion = 17.4.33403.182
MinimumVisualStudioVersion = 10.0.40219.1
Project("{FAE04EC0-301F-11D3-BF4B-00C04F79EFBC}") = "ExpressionEvaluator.Console", "ExpressionEvaluator.Console\ExpressionEvaluator.Console.csproj", "{7338F03C-3589-41D4-8D69-58F29E4CEAC6}"
EndProject
Project("{FAE04EC0-301F-11D3-BF4B-00C04F79EFBC}") = "ExpressionEvaluator.Tests", "ExpressionEvaluator.Tests\ExpressionEvaluator.Tests.csproj", "{C99D0B09-1AF6-478F-B5F3-5D0177BECF1E}"
EndProject
Project("{FAE04EC0-301F-11D3-BF4B-00C04F79EFBC}") = "ExpressionEvaluator.Library", "ExpressionEvaluator.Library\ExpressionEvaluator.Library.csproj", "{410800E6-A26B-4F00-847B-EF69B56A7E2A}"
EndProject
Global
	GlobalSection(SolutionConfigurationPlatforms) = preSolution
		Debug|Any CPU = Debug|Any CPU
		Release|Any CPU = Release|Any CPU
	EndGlobalSection
	GlobalSection(ProjectConfigurationPlatforms) = postSolution
		{7338F03C-3589-41D4-8D69-58F29E4CEAC6}.Debug|Any CPU.ActiveCfg = Debug|Any CPU
		{7338F03C-3589-41D4-8D69-58F29E4CEAC6}.Debug|Any CPU.Build.0 = Debug|Any CPU
		{7338F03C-3589-41D4-8D69-58F29E4CEAC6}.Release|Any CPU.ActiveCfg = Release|Any CPU
		{7338F03C-3589-41D4-8D69-58F29E4CEAC6}.Release|Any CPU.Build.0 = Release|Any CPU
		{C99D0B09-1AF6-478F-B5F3-5D0177BECF1E}.Debug|Any CPU.ActiveCfg = Debug|Any CPU
		{C99D0B09-1AF6-478F-B5F3-5D0177BECF1E}.Debug|Any CPU.Build.0 = Debug|Any CPU
		{C99D0B09-1AF6-478F-B5F3-5D0177BECF1E}.Release|Any CPU.ActiveCfg = Release|Any CPU
		{C99D0B09-1AF6-478F-B5F3-5D0177BECF1E}.Release|Any CPU.Build.0 = Release|Any CPU
		{410800E6-A26B-4F00-847B-EF69B56A7E2A}.Debug|Any CPU.ActiveCfg = Debug|Any CPU
		{410800E6-A26B-4F00-847B-EF69B56A7E2A}.Debug|Any CPU.Build.0 = Debug|Any CPU
		{410800E6-A26B-4F00-847B-EF69B56A7E2A}.Release|Any CPU.ActiveCfg = Release|Any CPU
		{410800E6-A26B-4F00-847B-EF69B56A7E2A}.Release|Any CPU.Build.0 = Release|Any CPU
	EndGlobalSection
	GlobalSection(SolutionProperties) = preSolution
		HideSolutionNode = FALSE
	EndGlobalSection
	GlobalSection(ExtensibilityGlobals) = postSolution
		SolutionGuid = {F0AE3B80-6B77-4428-A58A-69644C070370}
	EndGlobalSection
EndGlobal
